
Microsoft Visual Studio Solution File, Format Version 12.00
# Visual Studio Version 16
VisualStudioVersion = 16.0.29709.97
MinimumVisualStudioVersion = 10.0.40219.1
Project("{FAE04EC0-301F-11D3-BF4B-00C04F79EFBC}") = "KlasesDarbas", "KlasesDarbas\KlasesDarbas.csproj", "{C2977103-A90D-4BCD-88E1-B11F949ECE49}"
EndProject
Project("{FAE04EC0-301F-11D3-BF4B-00C04F79EFBC}") = "KlasesDarbasTestU", "KlasesDarbasTestU\KlasesDarbasTestU.csproj", "{1E7EE778-E66E-4626-9F8C-F88C875DE41C}"
EndProject
Global
	GlobalSection(SolutionConfigurationPlatforms) = preSolution
		Debug|Any CPU = Debug|Any CPU
		Release|Any CPU = Release|Any CPU
	EndGlobalSection
	GlobalSection(ProjectConfigurationPlatforms) = postSolution
		{C2977103-A90D-4BCD-88E1-B11F949ECE49}.Debug|Any CPU.ActiveCfg = Debug|Any CPU
		{C2977103-A90D-4BCD-88E1-B11F949ECE49}.Debug|Any CPU.Build.0 = Debug|Any CPU
		{C2977103-A90D-4BCD-88E1-B11F949ECE49}.Release|Any CPU.ActiveCfg = Release|Any CPU
		{C2977103-A90D-4BCD-88E1-B11F949ECE49}.Release|Any CPU.Build.0 = Release|Any CPU
		{1E7EE778-E66E-4626-9F8C-F88C875DE41C}.Debug|Any CPU.ActiveCfg = Debug|Any CPU
		{1E7EE778-E66E-4626-9F8C-F88C875DE41C}.Debug|Any CPU.Build.0 = Debug|Any CPU
		{1E7EE778-E66E-4626-9F8C-F88C875DE41C}.Release|Any CPU.ActiveCfg = Release|Any CPU
		{1E7EE778-E66E-4626-9F8C-F88C875DE41C}.Release|Any CPU.Build.0 = Release|Any CPU
	EndGlobalSection
	GlobalSection(SolutionProperties) = preSolution
		HideSolutionNode = FALSE
	EndGlobalSection
	GlobalSection(ExtensibilityGlobals) = postSolution
		SolutionGuid = {374B4158-53F0-4501-8CF0-256C8E73157E}
	EndGlobalSection
EndGlobal
