
Microsoft Visual Studio Solution File, Format Version 12.00
# Visual Studio Version 16
VisualStudioVersion = 16.0.29709.97
MinimumVisualStudioVersion = 10.0.40219.1
Project("{FAE04EC0-301F-11D3-BF4B-00C04F79EFBC}") = "PalmeND", "PalmeND\PalmeND.csproj", "{D46B9E2B-DCC9-4CF5-8423-90CAFF7B0220}"
EndProject
Project("{FAE04EC0-301F-11D3-BF4B-00C04F79EFBC}") = "PalmeND.test", "PalmeND.test\PalmeND.test.csproj", "{80888BDC-E0A9-4F69-8DEE-3CB5F492C394}"
EndProject
Global
	GlobalSection(SolutionConfigurationPlatforms) = preSolution
		Debug|Any CPU = Debug|Any CPU
		Release|Any CPU = Release|Any CPU
	EndGlobalSection
	GlobalSection(ProjectConfigurationPlatforms) = postSolution
		{D46B9E2B-DCC9-4CF5-8423-90CAFF7B0220}.Debug|Any CPU.ActiveCfg = Debug|Any CPU
		{D46B9E2B-DCC9-4CF5-8423-90CAFF7B0220}.Debug|Any CPU.Build.0 = Debug|Any CPU
		{D46B9E2B-DCC9-4CF5-8423-90CAFF7B0220}.Release|Any CPU.ActiveCfg = Release|Any CPU
		{D46B9E2B-DCC9-4CF5-8423-90CAFF7B0220}.Release|Any CPU.Build.0 = Release|Any CPU
		{80888BDC-E0A9-4F69-8DEE-3CB5F492C394}.Debug|Any CPU.ActiveCfg = Debug|Any CPU
		{80888BDC-E0A9-4F69-8DEE-3CB5F492C394}.Debug|Any CPU.Build.0 = Debug|Any CPU
		{80888BDC-E0A9-4F69-8DEE-3CB5F492C394}.Release|Any CPU.ActiveCfg = Release|Any CPU
		{80888BDC-E0A9-4F69-8DEE-3CB5F492C394}.Release|Any CPU.Build.0 = Release|Any CPU
	EndGlobalSection
	GlobalSection(SolutionProperties) = preSolution
		HideSolutionNode = FALSE
	EndGlobalSection
	GlobalSection(ExtensibilityGlobals) = postSolution
		SolutionGuid = {66CD32D8-ACD2-41AF-B9FD-FA286E69C7A0}
	EndGlobalSection
EndGlobal
